
Microsoft Visual Studio Solution File, Format Version 12.00
# Visual Studio Version 16
VisualStudioVersion = 16.0.30503.244
MinimumVisualStudioVersion = 10.0.40219.1
Project("{8BC9CEB8-8B4A-11D0-8D11-00A0C91BC942}") = "Tic Tac Toe", "Tic Tac Toe\Tic Tac Toe.vcxproj", "{05BD1093-75EF-4D83-8BF3-B5FD03455747}"
EndProject
Global
	GlobalSection(SolutionConfigurationPlatforms) = preSolution
		Debug|x64 = Debug|x64
		Debug|x86 = Debug|x86
		Release|x64 = Release|x64
		Release|x86 = Release|x86
	EndGlobalSection
	GlobalSection(ProjectConfigurationPlatforms) = postSolution
		{05BD1093-75EF-4D83-8BF3-B5FD03455747}.Debug|x64.ActiveCfg = Debug|x64
		{05BD1093-75EF-4D83-8BF3-B5FD03455747}.Debug|x64.Build.0 = Debug|x64
		{05BD1093-75EF-4D83-8BF3-B5FD03455747}.Debug|x86.ActiveCfg = Debug|Win32
		{05BD1093-75EF-4D83-8BF3-B5FD03455747}.Debug|x86.Build.0 = Debug|Win32
		{05BD1093-75EF-4D83-8BF3-B5FD03455747}.Release|x64.ActiveCfg = Release|x64
		{05BD1093-75EF-4D83-8BF3-B5FD03455747}.Release|x64.Build.0 = Release|x64
		{05BD1093-75EF-4D83-8BF3-B5FD03455747}.Release|x86.ActiveCfg = Release|Win32
		{05BD1093-75EF-4D83-8BF3-B5FD03455747}.Release|x86.Build.0 = Release|Win32
	EndGlobalSection
	GlobalSection(SolutionProperties) = preSolution
		HideSolutionNode = FALSE
	EndGlobalSection
	GlobalSection(ExtensibilityGlobals) = postSolution
		SolutionGuid = {4659FDC4-D62A-46D7-9996-F92F0D3978B8}
	EndGlobalSection
EndGlobal
